{
  "nodes": {
    "clean-s3-cache": {
      "flake": false,
      "locked": {
        "lastModified": 1654955107,
        "narHash": "sha256-eOT9UWpp75gchFDhgnwj1UpVBAZZG5nJUl6N+JAIkT8=",
        "ref": "refs/heads/main",
        "rev": "1a4dc9cc727b1f824507f28d35cbc93008d7de76",
        "revCount": 2,
        "type": "git",
        "url": "https://gist.github.com/DarkKirb/533e9e8b9b6dd1badf9b103b4285dc4e"
      },
      "original": {
        "type": "git",
        "url": "https://gist.github.com/DarkKirb/533e9e8b9b6dd1badf9b103b4285dc4e"
      }
    },
    "flake-utils": {
      "locked": {
        "lastModified": 1653893745,
        "narHash": "sha256-0jntwV3Z8//YwuOjzhV2sgJJPt+HY6KhU7VZUL0fKZQ=",
        "owner": "numtide",
        "repo": "flake-utils",
        "rev": "1ed9fb1935d260de5fe1c2f7ee0ebaae17ed2fa1",
        "type": "github"
      },
      "original": {
        "owner": "numtide",
        "repo": "flake-utils",
        "type": "github"
      }
    },
    "miifox-net": {
      "flake": false,
      "locked": {
        "lastModified": 1648216492,
        "narHash": "sha256-OKGPwQZjZXbXziJLSOE8K/0fCWCnvU/I2Lm3Vc8KD/o=",
        "ref": "refs/heads/master",
        "rev": "7826b9a3bec5dddd4b8a879c3396a1406fc37370",
        "revCount": 5,
        "type": "git",
        "url": "https://git.chir.rs/CarolineHusky/MiiFox.net"
      },
      "original": {
        "type": "git",
        "url": "https://git.chir.rs/CarolineHusky/MiiFox.net"
      }
    },
    "nixpkgs": {
      "locked": {
        "lastModified": 1654953433,
        "narHash": "sha256-TwEeh4r50NdWHFAHQSyjCk2cZxgwUfcCCAJOhPdXB28=",
        "owner": "NixOS",
        "repo": "nixpkgs",
        "rev": "90cd5459a1fd707819b9a3fb9c852beaaac3b79a",
        "type": "github"
      },
      "original": {
        "owner": "NixOS",
        "repo": "nixpkgs",
        "type": "github"
      }
    },
    "root": {
      "inputs": {
        "clean-s3-cache": "clean-s3-cache",
        "flake-utils": "flake-utils",
        "miifox-net": "miifox-net",
        "nixpkgs": "nixpkgs"
      }
    }
  },
  "root": "root",
  "version": 7
}
