{
  "nodes": {
    "flake-compat": {
      "flake": false,
      "locked": {
        "lastModified": 1696267196,
        "narHash": "sha256-AAQ/2sD+0D18bb8hKuEEVpHUYD1GmO2Uh/taFamn6XQ=",
        "owner": "edolstra",
        "repo": "flake-compat",
        "rev": "4f910c9827911b1ec2bf26b5a062cd09f8d89f85",
        "type": "github"
      },
      "original": {
        "owner": "edolstra",
        "repo": "flake-compat",
        "rev": "4f910c9827911b1ec2bf26b5a062cd09f8d89f85",
        "type": "github"
      }
    },
    "flake-compat_2": {
      "flake": false,
      "locked": {
        "lastModified": 1673956053,
        "narHash": "sha256-4gtG9iQuiKITOjNQQeQIpoIB6b16fm+504Ch3sNKLd8=",
        "owner": "edolstra",
        "repo": "flake-compat",
        "rev": "35bb57c0c8d8b62bbfd284272c928ceb64ddbde9",
        "type": "github"
      },
      "original": {
        "owner": "edolstra",
        "repo": "flake-compat",
        "type": "github"
      }
    },
    "flake-utils": {
      "locked": {
        "lastModified": 1677835344,
        "narHash": "sha256-+SF1dfj02xAizhtY2/pEPyA0DP0pMvZZjC2aMyprYhA=",
        "owner": "DarkKirb",
        "repo": "flake-utils",
        "rev": "17cffe5284b6da6b50cc82f4d2b4c3ff8185f83c",
        "type": "github"
      },
      "original": {
        "owner": "DarkKirb",
        "repo": "flake-utils",
        "type": "github"
      }
    },
    "gomod2nix": {
      "inputs": {
        "nixpkgs": [
          "nixpkgs"
        ],
        "utils": [
          "flake-utils"
        ]
      },
      "locked": {
        "lastModified": 1692555015,
        "narHash": "sha256-QS7fNVS9ToprIt93R/S+BVerAttNkYI3/SVQI3jciLs=",
        "owner": "DarkKirb",
        "repo": "gomod2nix",
        "rev": "de2e02108ef1e6ab52a71676f7735a3fc1bea741",
        "type": "github"
      },
      "original": {
        "owner": "DarkKirb",
        "repo": "gomod2nix",
        "type": "github"
      }
    },
    "hydra": {
      "inputs": {
        "nix": "nix",
        "nixpkgs": "nixpkgs"
      },
      "locked": {
        "lastModified": 1703324631,
        "narHash": "sha256-A+97bt5OUI4HTOrugNsDp4Z1WU+EyH+mmb+XQwnMFaY=",
        "ref": "refs/heads/master",
        "rev": "e85b9d32992524022ae9b7e67b09b14e1af7f839",
        "revCount": 4172,
        "type": "git",
        "url": "https://git.chir.rs/darkkirb/hydra"
      },
      "original": {
        "type": "git",
        "url": "https://git.chir.rs/darkkirb/hydra"
      }
    },
    "lowdown-src": {
      "flake": false,
      "locked": {
        "lastModified": 1633514407,
        "narHash": "sha256-Dw32tiMjdK9t3ETl5fzGrutQTzh2rufgZV4A/BbxuD4=",
        "owner": "kristapsdz",
        "repo": "lowdown",
        "rev": "d2c2b44ff6c27b936ec27358a2653caaef8f73b8",
        "type": "github"
      },
      "original": {
        "owner": "kristapsdz",
        "repo": "lowdown",
        "type": "github"
      }
    },
    "nix": {
      "inputs": {
        "flake-compat": "flake-compat_2",
        "lowdown-src": "lowdown-src",
        "nixpkgs": [
          "hydra",
          "nixpkgs"
        ],
        "nixpkgs-regression": "nixpkgs-regression"
      },
      "locked": {
        "lastModified": 1702314838,
        "narHash": "sha256-calxK+fZ4/tZy1fbph8qyx4ePUAf4ZdvIugpzWeFIGE=",
        "owner": "NixOS",
        "repo": "nix",
        "rev": "ae451e2247b18be6bd36b9d85e41b632e774f40b",
        "type": "github"
      },
      "original": {
        "owner": "NixOS",
        "ref": "2.19-maintenance",
        "repo": "nix",
        "type": "github"
      }
    },
    "nixpkgs": {
      "locked": {
        "lastModified": 1701615100,
        "narHash": "sha256-7VI84NGBvlCTduw2aHLVB62NvCiZUlALLqBe5v684Aw=",
        "owner": "NixOS",
        "repo": "nixpkgs",
        "rev": "e9f06adb793d1cca5384907b3b8a4071d5d7cb19",
        "type": "github"
      },
      "original": {
        "owner": "NixOS",
        "ref": "nixos-23.05",
        "repo": "nixpkgs",
        "type": "github"
      }
    },
    "nixpkgs-regression": {
      "locked": {
        "lastModified": 1643052045,
        "narHash": "sha256-uGJ0VXIhWKGXxkeNnq4TvV3CIOkUJ3PAoLZ3HMzNVMw=",
        "owner": "NixOS",
        "repo": "nixpkgs",
        "rev": "215d4d0fd80ca5163643b03a33fde804a29cc1e2",
        "type": "github"
      },
      "original": {
        "owner": "NixOS",
        "repo": "nixpkgs",
        "rev": "215d4d0fd80ca5163643b03a33fde804a29cc1e2",
        "type": "github"
      }
    },
    "nixpkgs_2": {
      "locked": {
        "lastModified": 1704484685,
        "narHash": "sha256-6zaF2ofEnJ35jN9Pl9UJJprGPGokBcZe8Y6fNSDjsJk=",
        "owner": "NixOS",
        "repo": "nixpkgs",
        "rev": "e3d0c844283d488c97c210d28aea230817c2c04a",
        "type": "github"
      },
      "original": {
        "owner": "NixOS",
        "repo": "nixpkgs",
        "type": "github"
      }
    },
    "nixtoo": {
      "flake": false,
      "locked": {
        "lastModified": 1704464048,
        "narHash": "sha256-ZJySuNQpvURl7c2OpAHVs7AUeRRjDTpjK4Gf6yDsRKM=",
        "owner": "DarkKirb",
        "repo": "nixtoo",
        "rev": "b61d1a9b163813e27998484ff5bc4d018e3cdced",
        "type": "github"
      },
      "original": {
        "owner": "DarkKirb",
        "repo": "nixtoo",
        "type": "github"
      }
    },
    "root": {
      "inputs": {
        "flake-compat": "flake-compat",
        "flake-utils": "flake-utils",
        "gomod2nix": "gomod2nix",
        "hydra": "hydra",
        "nixpkgs": "nixpkgs_2",
        "nixtoo": "nixtoo"
      }
    }
  },
  "root": "root",
  "version": 7
}
